
Microsoft Visual Studio Solution File, Format Version 12.00
# Visual Studio Version 16
VisualStudioVersion = 16.0.31205.134
MinimumVisualStudioVersion = 10.0.40219.1
Project("{FAE04EC0-301F-11D3-BF4B-00C04F79EFBC}") = "2021_game", "2021_game.csproj", "{06E736F6-4A35-458C-8506-0667F2549DAF}"
EndProject
Global
	GlobalSection(SolutionConfigurationPlatforms) = preSolution
		Debug|Any CPU = Debug|Any CPU
		Release|Any CPU = Release|Any CPU
	EndGlobalSection
	GlobalSection(ProjectConfigurationPlatforms) = postSolution
		{06E736F6-4A35-458C-8506-0667F2549DAF}.Debug|Any CPU.ActiveCfg = Debug|Any CPU
		{06E736F6-4A35-458C-8506-0667F2549DAF}.Debug|Any CPU.Build.0 = Debug|Any CPU
		{06E736F6-4A35-458C-8506-0667F2549DAF}.Release|Any CPU.ActiveCfg = Release|Any CPU
		{06E736F6-4A35-458C-8506-0667F2549DAF}.Release|Any CPU.Build.0 = Release|Any CPU
	EndGlobalSection
	GlobalSection(SolutionProperties) = preSolution
		HideSolutionNode = FALSE
	EndGlobalSection
	GlobalSection(ExtensibilityGlobals) = postSolution
		SolutionGuid = {8447C960-3985-40DC-8AC3-EFDE1F96DFA5}
	EndGlobalSection
EndGlobal
